
Microsoft Visual Studio Solution File, Format Version 12.00
# Visual Studio 15
VisualStudioVersion = 15.0.27428.2037
MinimumVisualStudioVersion = 10.0.40219.1
Project("{8BC9CEB8-8B4A-11D0-8D11-00A0C91BC942}") = "Father_Time", "Father_Time\Father_Time.vcxproj", "{B065D9F7-1D31-42CB-8DBE-CD605DB884FF}"
EndProject
Global
	GlobalSection(SolutionConfigurationPlatforms) = preSolution
		Debug|x64 = Debug|x64
		Debug|x86 = Debug|x86
		Release|x64 = Release|x64
		Release|x86 = Release|x86
	EndGlobalSection
	GlobalSection(ProjectConfigurationPlatforms) = postSolution
		{B065D9F7-1D31-42CB-8DBE-CD605DB884FF}.Debug|x64.ActiveCfg = Debug|x64
		{B065D9F7-1D31-42CB-8DBE-CD605DB884FF}.Debug|x64.Build.0 = Debug|x64
		{B065D9F7-1D31-42CB-8DBE-CD605DB884FF}.Debug|x86.ActiveCfg = Debug|Win32
		{B065D9F7-1D31-42CB-8DBE-CD605DB884FF}.Debug|x86.Build.0 = Debug|Win32
		{B065D9F7-1D31-42CB-8DBE-CD605DB884FF}.Release|x64.ActiveCfg = Release|x64
		{B065D9F7-1D31-42CB-8DBE-CD605DB884FF}.Release|x64.Build.0 = Release|x64
		{B065D9F7-1D31-42CB-8DBE-CD605DB884FF}.Release|x86.ActiveCfg = Release|Win32
		{B065D9F7-1D31-42CB-8DBE-CD605DB884FF}.Release|x86.Build.0 = Release|Win32
	EndGlobalSection
	GlobalSection(SolutionProperties) = preSolution
		HideSolutionNode = FALSE
	EndGlobalSection
	GlobalSection(ExtensibilityGlobals) = postSolution
		SolutionGuid = {ED9CE867-4F25-4B3D-9DD4-84F832AF768A}
	EndGlobalSection
EndGlobal
